<?xml version="1.0" encoding="utf-8"?>
<Project ToolsVersion="4.0" xmlns="http://schemas.microsoft.com/developer/msbuild/2003">
  <ItemGroup>
    <Filter Include="Fichiers sources">
      <UniqueIdentifier>{4FC737F1-C7A5-4376-A066-2A32D752A2FF}</UniqueIdentifier>
      <Extensions>cpp;c;cc;cxx;def;odl;idl;hpj;bat;asm;asmx</Extensions>
    </Filter>
    <Filter Include="Fichiers sources\include">
      <UniqueIdentifier>{6df2b7e3-48d6-42da-acce-278682a3af91}</UniqueIdentifier>
    </Filter>
    <Filter Include="Fichiers sources\src">
      <UniqueIdentifier>{2d466e52-3aca-4105-b8d1-952aa27c7c66}</UniqueIdentifier>
    </Filter>
    <Filter Include="faceRecognizerContrib">
      <UniqueIdentifier>{99507da0-4d8e-46dc-8406-9cfb9e736283}</UniqueIdentifier>
    </Filter>
    <Filter Include="faceRecognizerContrib\src">
      <UniqueIdentifier>{1547fb62-66b4-4223-805b-c51f36da1e9c}</UniqueIdentifier>
    </Filter>
    <Filter Include="faceRecognizerContrib\include">
      <UniqueIdentifier>{c6a366eb-2554-4a92-9566-75af7cde1ce7}</UniqueIdentifier>
    </Filter>
    <Filter Include="faceRecognizerContrib\include\face">
      <UniqueIdentifier>{094747e1-288a-4b8b-b4c1-af3364ed659f}</UniqueIdentifier>
    </Filter>
  </ItemGroup>
  <ItemGroup>
    <ClCompile Include="main.cpp">
      <Filter>Fichiers sources</Filter>
    </ClCompile>
    <ClCompile Include="src\Recognizer.cpp">
      <Filter>Fichiers sources\src</Filter>
    </ClCompile>
    <ClCompile Include="src\Video.cpp">
      <Filter>Fichiers sources\src</Filter>
    </ClCompile>
    <ClCompile Include="src\Voice.cpp">
      <Filter>Fichiers sources\src</Filter>
    </ClCompile>
    <ClCompile Include="faceRecognizerContrib\src\eigen_faces.cpp">
      <Filter>faceRecognizerContrib\src</Filter>
    </ClCompile>
    <ClCompile Include="faceRecognizerContrib\src\facerec.cpp">
      <Filter>faceRecognizerContrib\src</Filter>
    </ClCompile>
    <ClCompile Include="faceRecognizerContrib\src\fisher_faces.cpp">
      <Filter>faceRecognizerContrib\src</Filter>
    </ClCompile>
    <ClCompile Include="faceRecognizerContrib\src\lbph_faces.cpp">
      <Filter>faceRecognizerContrib\src</Filter>
    </ClCompile>
  </ItemGroup>
  <ItemGroup>
    <ClInclude Include="include\Recognizer.h">
      <Filter>Fichiers sources\include</Filter>
    </ClInclude>
    <ClInclude Include="include\Video.h">
      <Filter>Fichiers sources\include</Filter>
    </ClInclude>
    <ClInclude Include="include\Voice.h">
      <Filter>Fichiers sources\include</Filter>
    </ClInclude>
    <ClInclude Include="faceRecognizerContrib\include\face\facerec.hpp">
      <Filter>faceRecognizerContrib\include\face</Filter>
    </ClInclude>
    <ClInclude Include="faceRecognizerContrib\include\face.hpp">
      <Filter>faceRecognizerContrib\include</Filter>
    </ClInclude>
    <ClInclude Include="faceRecognizerContrib\src\face_basic.hpp">
      <Filter>faceRecognizerContrib\src</Filter>
    </ClInclude>
    <ClInclude Include="faceRecognizerContrib\src\precomp.hpp">
      <Filter>faceRecognizerContrib\src</Filter>
    </ClInclude>
    <ClInclude Include="include\Constantes.h">
      <Filter>Fichiers sources\include</Filter>
    </ClInclude>
  </ItemGroup>
</Project>