<?xml version="1.0" encoding="UTF-8"?>
<Project ToolsVersion="12.0" xmlns="http://schemas.microsoft.com/developer/msbuild/2003">
  <ItemGroup>
    <ClCompile Include="C:\dev\git\RobotLabLibrary\library\src\Recognizer.cpp">
      <Filter>Source Files</Filter>
    </ClCompile>
    <ClCompile Include="C:\dev\git\RobotLabLibrary\library\src\Video.cpp">
      <Filter>Source Files</Filter>
    </ClCompile>
    <ClCompile Include="C:\dev\git\RobotLabLibrary\library\src\Voice.cpp">
      <Filter>Source Files</Filter>
    </ClCompile>
    <ClCompile Include="C:\dev\git\RobotLabLibrary\library\3rdparty\faceRecognizerContrib\src\eigen_faces.cpp">
      <Filter>Source Files</Filter>
    </ClCompile>
    <ClCompile Include="C:\dev\git\RobotLabLibrary\library\3rdparty\faceRecognizerContrib\src\facerec.cpp">
      <Filter>Source Files</Filter>
    </ClCompile>
    <ClCompile Include="C:\dev\git\RobotLabLibrary\library\3rdparty\faceRecognizerContrib\src\fisher_faces.cpp">
      <Filter>Source Files</Filter>
    </ClCompile>
    <ClCompile Include="C:\dev\git\RobotLabLibrary\library\3rdparty\faceRecognizerContrib\src\lbph_faces.cpp">
      <Filter>Source Files</Filter>
    </ClCompile>
  </ItemGroup>
  <ItemGroup>
    <ClInclude Include="C:\dev\git\RobotLabLibrary\library\include\Constantes.h">
      <Filter>Header Files</Filter>
    </ClInclude>
    <ClInclude Include="C:\dev\git\RobotLabLibrary\library\include\Recognizer.h">
      <Filter>Header Files</Filter>
    </ClInclude>
    <ClInclude Include="C:\dev\git\RobotLabLibrary\library\include\Video.h">
      <Filter>Header Files</Filter>
    </ClInclude>
    <ClInclude Include="C:\dev\git\RobotLabLibrary\library\include\Voice.h">
      <Filter>Header Files</Filter>
    </ClInclude>
    <ClInclude Include="C:\dev\git\RobotLabLibrary\library\3rdparty\faceRecognizerContrib\include\face\facerec.hpp">
      <Filter>Header Files</Filter>
    </ClInclude>
    <ClInclude Include="C:\dev\git\RobotLabLibrary\library\3rdparty\faceRecognizerContrib\include\face.hpp">
      <Filter>Header Files</Filter>
    </ClInclude>
    <ClInclude Include="C:\dev\git\RobotLabLibrary\library\3rdparty\faceRecognizerContrib\src\face_basic.hpp">
      <Filter>Header Files</Filter>
    </ClInclude>
    <ClInclude Include="C:\dev\git\RobotLabLibrary\library\3rdparty\faceRecognizerContrib\src\precomp.hpp">
      <Filter>Header Files</Filter>
    </ClInclude>
  </ItemGroup>
  <ItemGroup>
    <CustomBuild Include="C:\dev\git\RobotLabLibrary\library\CMakeLists.txt" />
  </ItemGroup>
  <ItemGroup>
    <Filter Include="Source Files">
      <UniqueIdentifier>{FB770352-D053-4110-871C-FBB2841BAAFB}</UniqueIdentifier>
    </Filter>
    <Filter Include="Header Files">
      <UniqueIdentifier>{5FD90CB5-591A-4028-A9F1-D38EE045EC67}</UniqueIdentifier>
    </Filter>
  </ItemGroup>
</Project>
