Microsoft Visual Studio Solution File, Format Version 12.00
# Visual Studio 2013
Project("{8BC9CEB8-8B4A-11D0-8D11-00A0C91BC942}") = "ALL_BUILD", "ALL_BUILD.vcxproj", "{43D7BBAF-CCD6-44E1-B3A4-DA7044A60B63}"
	ProjectSection(ProjectDependencies) = postProject
		{C06377E3-CC2E-4E43-8831-38447A5A065F} = {C06377E3-CC2E-4E43-8831-38447A5A065F}
		{D1419679-AD87-4FE4-B1D1-88292FF746D3} = {D1419679-AD87-4FE4-B1D1-88292FF746D3}
		{330D8004-7E22-42B5-B155-4A6551684677} = {330D8004-7E22-42B5-B155-4A6551684677}
		{48DD07F3-EDA3-494E-BEE7-7C1032FAD9EC} = {48DD07F3-EDA3-494E-BEE7-7C1032FAD9EC}
		{A4A05213-F7A3-44DB-A19C-4B98D31F2D61} = {A4A05213-F7A3-44DB-A19C-4B98D31F2D61}
		{07D7B27E-CA28-463A-8D74-C14C44DA52DA} = {07D7B27E-CA28-463A-8D74-C14C44DA52DA}
		{3D94303E-B9DE-4E09-BB37-DCBB99FF2761} = {3D94303E-B9DE-4E09-BB37-DCBB99FF2761}
		{E1518210-4870-4DB1-B50A-B632B5ED68F6} = {E1518210-4870-4DB1-B50A-B632B5ED68F6}
	EndProjectSection
EndProject
Project("{8BC9CEB8-8B4A-11D0-8D11-00A0C91BC942}") = "RobotLabLibrary", "RobotLabLibrary.vcxproj", "{C06377E3-CC2E-4E43-8831-38447A5A065F}"
	ProjectSection(ProjectDependencies) = postProject
		{D1419679-AD87-4FE4-B1D1-88292FF746D3} = {D1419679-AD87-4FE4-B1D1-88292FF746D3}
	EndProjectSection
EndProject
Project("{8BC9CEB8-8B4A-11D0-8D11-00A0C91BC942}") = "ZERO_CHECK", "ZERO_CHECK.vcxproj", "{D1419679-AD87-4FE4-B1D1-88292FF746D3}"
	ProjectSection(ProjectDependencies) = postProject
	EndProjectSection
EndProject
Project("{8BC9CEB8-8B4A-11D0-8D11-00A0C91BC942}") = "createFaceDatabase", "createFaceDatabase.vcxproj", "{330D8004-7E22-42B5-B155-4A6551684677}"
	ProjectSection(ProjectDependencies) = postProject
		{C06377E3-CC2E-4E43-8831-38447A5A065F} = {C06377E3-CC2E-4E43-8831-38447A5A065F}
		{D1419679-AD87-4FE4-B1D1-88292FF746D3} = {D1419679-AD87-4FE4-B1D1-88292FF746D3}
	EndProjectSection
EndProject
Project("{8BC9CEB8-8B4A-11D0-8D11-00A0C91BC942}") = "faceRecognition", "faceRecognition.vcxproj", "{48DD07F3-EDA3-494E-BEE7-7C1032FAD9EC}"
	ProjectSection(ProjectDependencies) = postProject
		{C06377E3-CC2E-4E43-8831-38447A5A065F} = {C06377E3-CC2E-4E43-8831-38447A5A065F}
		{D1419679-AD87-4FE4-B1D1-88292FF746D3} = {D1419679-AD87-4FE4-B1D1-88292FF746D3}
	EndProjectSection
EndProject
Project("{8BC9CEB8-8B4A-11D0-8D11-00A0C91BC942}") = "globalSample", "globalSample.vcxproj", "{A4A05213-F7A3-44DB-A19C-4B98D31F2D61}"
	ProjectSection(ProjectDependencies) = postProject
		{C06377E3-CC2E-4E43-8831-38447A5A065F} = {C06377E3-CC2E-4E43-8831-38447A5A065F}
		{D1419679-AD87-4FE4-B1D1-88292FF746D3} = {D1419679-AD87-4FE4-B1D1-88292FF746D3}
	EndProjectSection
EndProject
Project("{8BC9CEB8-8B4A-11D0-8D11-00A0C91BC942}") = "videoDetection", "videoDetection.vcxproj", "{07D7B27E-CA28-463A-8D74-C14C44DA52DA}"
	ProjectSection(ProjectDependencies) = postProject
		{C06377E3-CC2E-4E43-8831-38447A5A065F} = {C06377E3-CC2E-4E43-8831-38447A5A065F}
		{D1419679-AD87-4FE4-B1D1-88292FF746D3} = {D1419679-AD87-4FE4-B1D1-88292FF746D3}
	EndProjectSection
EndProject
Project("{8BC9CEB8-8B4A-11D0-8D11-00A0C91BC942}") = "voiceAndDetection", "voiceAndDetection.vcxproj", "{3D94303E-B9DE-4E09-BB37-DCBB99FF2761}"
	ProjectSection(ProjectDependencies) = postProject
		{C06377E3-CC2E-4E43-8831-38447A5A065F} = {C06377E3-CC2E-4E43-8831-38447A5A065F}
		{D1419679-AD87-4FE4-B1D1-88292FF746D3} = {D1419679-AD87-4FE4-B1D1-88292FF746D3}
	EndProjectSection
EndProject
Project("{8BC9CEB8-8B4A-11D0-8D11-00A0C91BC942}") = "voiceRecognition", "voiceRecognition.vcxproj", "{E1518210-4870-4DB1-B50A-B632B5ED68F6}"
	ProjectSection(ProjectDependencies) = postProject
		{C06377E3-CC2E-4E43-8831-38447A5A065F} = {C06377E3-CC2E-4E43-8831-38447A5A065F}
		{D1419679-AD87-4FE4-B1D1-88292FF746D3} = {D1419679-AD87-4FE4-B1D1-88292FF746D3}
	EndProjectSection
EndProject
Global
	GlobalSection(SolutionConfigurationPlatforms) = preSolution
		Debug|Win32 = Debug|Win32
		Release|Win32 = Release|Win32
		MinSizeRel|Win32 = MinSizeRel|Win32
		RelWithDebInfo|Win32 = RelWithDebInfo|Win32
	EndGlobalSection
	GlobalSection(ProjectConfigurationPlatforms) = postSolution
		{43D7BBAF-CCD6-44E1-B3A4-DA7044A60B63}.Debug|Win32.ActiveCfg = Debug|Win32
		{43D7BBAF-CCD6-44E1-B3A4-DA7044A60B63}.Release|Win32.ActiveCfg = Release|Win32
		{43D7BBAF-CCD6-44E1-B3A4-DA7044A60B63}.MinSizeRel|Win32.ActiveCfg = MinSizeRel|Win32
		{43D7BBAF-CCD6-44E1-B3A4-DA7044A60B63}.RelWithDebInfo|Win32.ActiveCfg = RelWithDebInfo|Win32
		{C06377E3-CC2E-4E43-8831-38447A5A065F}.Debug|Win32.ActiveCfg = Debug|Win32
		{C06377E3-CC2E-4E43-8831-38447A5A065F}.Debug|Win32.Build.0 = Debug|Win32
		{C06377E3-CC2E-4E43-8831-38447A5A065F}.Release|Win32.ActiveCfg = Release|Win32
		{C06377E3-CC2E-4E43-8831-38447A5A065F}.Release|Win32.Build.0 = Release|Win32
		{C06377E3-CC2E-4E43-8831-38447A5A065F}.MinSizeRel|Win32.ActiveCfg = MinSizeRel|Win32
		{C06377E3-CC2E-4E43-8831-38447A5A065F}.MinSizeRel|Win32.Build.0 = MinSizeRel|Win32
		{C06377E3-CC2E-4E43-8831-38447A5A065F}.RelWithDebInfo|Win32.ActiveCfg = RelWithDebInfo|Win32
		{C06377E3-CC2E-4E43-8831-38447A5A065F}.RelWithDebInfo|Win32.Build.0 = RelWithDebInfo|Win32
		{D1419679-AD87-4FE4-B1D1-88292FF746D3}.Debug|Win32.ActiveCfg = Debug|Win32
		{D1419679-AD87-4FE4-B1D1-88292FF746D3}.Debug|Win32.Build.0 = Debug|Win32
		{D1419679-AD87-4FE4-B1D1-88292FF746D3}.Release|Win32.ActiveCfg = Release|Win32
		{D1419679-AD87-4FE4-B1D1-88292FF746D3}.Release|Win32.Build.0 = Release|Win32
		{D1419679-AD87-4FE4-B1D1-88292FF746D3}.MinSizeRel|Win32.ActiveCfg = MinSizeRel|Win32
		{D1419679-AD87-4FE4-B1D1-88292FF746D3}.MinSizeRel|Win32.Build.0 = MinSizeRel|Win32
		{D1419679-AD87-4FE4-B1D1-88292FF746D3}.RelWithDebInfo|Win32.ActiveCfg = RelWithDebInfo|Win32
		{D1419679-AD87-4FE4-B1D1-88292FF746D3}.RelWithDebInfo|Win32.Build.0 = RelWithDebInfo|Win32
		{330D8004-7E22-42B5-B155-4A6551684677}.Debug|Win32.ActiveCfg = Debug|Win32
		{330D8004-7E22-42B5-B155-4A6551684677}.Debug|Win32.Build.0 = Debug|Win32
		{330D8004-7E22-42B5-B155-4A6551684677}.Release|Win32.ActiveCfg = Release|Win32
		{330D8004-7E22-42B5-B155-4A6551684677}.Release|Win32.Build.0 = Release|Win32
		{330D8004-7E22-42B5-B155-4A6551684677}.MinSizeRel|Win32.ActiveCfg = MinSizeRel|Win32
		{330D8004-7E22-42B5-B155-4A6551684677}.MinSizeRel|Win32.Build.0 = MinSizeRel|Win32
		{330D8004-7E22-42B5-B155-4A6551684677}.RelWithDebInfo|Win32.ActiveCfg = RelWithDebInfo|Win32
		{330D8004-7E22-42B5-B155-4A6551684677}.RelWithDebInfo|Win32.Build.0 = RelWithDebInfo|Win32
		{48DD07F3-EDA3-494E-BEE7-7C1032FAD9EC}.Debug|Win32.ActiveCfg = Debug|Win32
		{48DD07F3-EDA3-494E-BEE7-7C1032FAD9EC}.Debug|Win32.Build.0 = Debug|Win32
		{48DD07F3-EDA3-494E-BEE7-7C1032FAD9EC}.Release|Win32.ActiveCfg = Release|Win32
		{48DD07F3-EDA3-494E-BEE7-7C1032FAD9EC}.Release|Win32.Build.0 = Release|Win32
		{48DD07F3-EDA3-494E-BEE7-7C1032FAD9EC}.MinSizeRel|Win32.ActiveCfg = MinSizeRel|Win32
		{48DD07F3-EDA3-494E-BEE7-7C1032FAD9EC}.MinSizeRel|Win32.Build.0 = MinSizeRel|Win32
		{48DD07F3-EDA3-494E-BEE7-7C1032FAD9EC}.RelWithDebInfo|Win32.ActiveCfg = RelWithDebInfo|Win32
		{48DD07F3-EDA3-494E-BEE7-7C1032FAD9EC}.RelWithDebInfo|Win32.Build.0 = RelWithDebInfo|Win32
		{A4A05213-F7A3-44DB-A19C-4B98D31F2D61}.Debug|Win32.ActiveCfg = Debug|Win32
		{A4A05213-F7A3-44DB-A19C-4B98D31F2D61}.Debug|Win32.Build.0 = Debug|Win32
		{A4A05213-F7A3-44DB-A19C-4B98D31F2D61}.Release|Win32.ActiveCfg = Release|Win32
		{A4A05213-F7A3-44DB-A19C-4B98D31F2D61}.Release|Win32.Build.0 = Release|Win32
		{A4A05213-F7A3-44DB-A19C-4B98D31F2D61}.MinSizeRel|Win32.ActiveCfg = MinSizeRel|Win32
		{A4A05213-F7A3-44DB-A19C-4B98D31F2D61}.MinSizeRel|Win32.Build.0 = MinSizeRel|Win32
		{A4A05213-F7A3-44DB-A19C-4B98D31F2D61}.RelWithDebInfo|Win32.ActiveCfg = RelWithDebInfo|Win32
		{A4A05213-F7A3-44DB-A19C-4B98D31F2D61}.RelWithDebInfo|Win32.Build.0 = RelWithDebInfo|Win32
		{07D7B27E-CA28-463A-8D74-C14C44DA52DA}.Debug|Win32.ActiveCfg = Debug|Win32
		{07D7B27E-CA28-463A-8D74-C14C44DA52DA}.Debug|Win32.Build.0 = Debug|Win32
		{07D7B27E-CA28-463A-8D74-C14C44DA52DA}.Release|Win32.ActiveCfg = Release|Win32
		{07D7B27E-CA28-463A-8D74-C14C44DA52DA}.Release|Win32.Build.0 = Release|Win32
		{07D7B27E-CA28-463A-8D74-C14C44DA52DA}.MinSizeRel|Win32.ActiveCfg = MinSizeRel|Win32
		{07D7B27E-CA28-463A-8D74-C14C44DA52DA}.MinSizeRel|Win32.Build.0 = MinSizeRel|Win32
		{07D7B27E-CA28-463A-8D74-C14C44DA52DA}.RelWithDebInfo|Win32.ActiveCfg = RelWithDebInfo|Win32
		{07D7B27E-CA28-463A-8D74-C14C44DA52DA}.RelWithDebInfo|Win32.Build.0 = RelWithDebInfo|Win32
		{3D94303E-B9DE-4E09-BB37-DCBB99FF2761}.Debug|Win32.ActiveCfg = Debug|Win32
		{3D94303E-B9DE-4E09-BB37-DCBB99FF2761}.Debug|Win32.Build.0 = Debug|Win32
		{3D94303E-B9DE-4E09-BB37-DCBB99FF2761}.Release|Win32.ActiveCfg = Release|Win32
		{3D94303E-B9DE-4E09-BB37-DCBB99FF2761}.Release|Win32.Build.0 = Release|Win32
		{3D94303E-B9DE-4E09-BB37-DCBB99FF2761}.MinSizeRel|Win32.ActiveCfg = MinSizeRel|Win32
		{3D94303E-B9DE-4E09-BB37-DCBB99FF2761}.MinSizeRel|Win32.Build.0 = MinSizeRel|Win32
		{3D94303E-B9DE-4E09-BB37-DCBB99FF2761}.RelWithDebInfo|Win32.ActiveCfg = RelWithDebInfo|Win32
		{3D94303E-B9DE-4E09-BB37-DCBB99FF2761}.RelWithDebInfo|Win32.Build.0 = RelWithDebInfo|Win32
		{E1518210-4870-4DB1-B50A-B632B5ED68F6}.Debug|Win32.ActiveCfg = Debug|Win32
		{E1518210-4870-4DB1-B50A-B632B5ED68F6}.Debug|Win32.Build.0 = Debug|Win32
		{E1518210-4870-4DB1-B50A-B632B5ED68F6}.Release|Win32.ActiveCfg = Release|Win32
		{E1518210-4870-4DB1-B50A-B632B5ED68F6}.Release|Win32.Build.0 = Release|Win32
		{E1518210-4870-4DB1-B50A-B632B5ED68F6}.MinSizeRel|Win32.ActiveCfg = MinSizeRel|Win32
		{E1518210-4870-4DB1-B50A-B632B5ED68F6}.MinSizeRel|Win32.Build.0 = MinSizeRel|Win32
		{E1518210-4870-4DB1-B50A-B632B5ED68F6}.RelWithDebInfo|Win32.ActiveCfg = RelWithDebInfo|Win32
		{E1518210-4870-4DB1-B50A-B632B5ED68F6}.RelWithDebInfo|Win32.Build.0 = RelWithDebInfo|Win32
	EndGlobalSection
	GlobalSection(ExtensibilityGlobals) = postSolution
	EndGlobalSection
	GlobalSection(ExtensibilityAddIns) = postSolution
	EndGlobalSection
EndGlobal
