Microsoft Visual Studio Solution File, Format Version 12.00
# Visual Studio 2013
Project("{8BC9CEB8-8B4A-11D0-8D11-00A0C91BC942}") = "ALL_BUILD", "ALL_BUILD.vcxproj", "{4E827167-186A-4669-A642-0AA9E10A407C}"
	ProjectSection(ProjectDependencies) = postProject
		{BD824841-EAC2-4C3B-B32E-EB89351EAFEE} = {BD824841-EAC2-4C3B-B32E-EB89351EAFEE}
		{DEE4549C-1516-4BE2-B6D8-2159A356C5DC} = {DEE4549C-1516-4BE2-B6D8-2159A356C5DC}
		{8DA6F98E-4582-4D30-8124-8C8A69067E46} = {8DA6F98E-4582-4D30-8124-8C8A69067E46}
		{264F4059-88D4-4F93-86C4-5A5D633451CB} = {264F4059-88D4-4F93-86C4-5A5D633451CB}
		{CB352813-45BD-4A88-A29C-08F6A7E45393} = {CB352813-45BD-4A88-A29C-08F6A7E45393}
		{68296301-D645-4620-9C44-1EF9708F6FDF} = {68296301-D645-4620-9C44-1EF9708F6FDF}
		{5A6BB193-671F-4457-9722-B17432922123} = {5A6BB193-671F-4457-9722-B17432922123}
		{5415C3D0-5FEB-4C23-8834-2A29852B0D1B} = {5415C3D0-5FEB-4C23-8834-2A29852B0D1B}
	EndProjectSection
EndProject
Project("{8BC9CEB8-8B4A-11D0-8D11-00A0C91BC942}") = "RobotLabLibrary", "RobotLabLibrary.vcxproj", "{BD824841-EAC2-4C3B-B32E-EB89351EAFEE}"
	ProjectSection(ProjectDependencies) = postProject
		{DEE4549C-1516-4BE2-B6D8-2159A356C5DC} = {DEE4549C-1516-4BE2-B6D8-2159A356C5DC}
	EndProjectSection
EndProject
Project("{8BC9CEB8-8B4A-11D0-8D11-00A0C91BC942}") = "ZERO_CHECK", "ZERO_CHECK.vcxproj", "{DEE4549C-1516-4BE2-B6D8-2159A356C5DC}"
	ProjectSection(ProjectDependencies) = postProject
	EndProjectSection
EndProject
Project("{8BC9CEB8-8B4A-11D0-8D11-00A0C91BC942}") = "createFaceDatabase", "createFaceDatabase.vcxproj", "{8DA6F98E-4582-4D30-8124-8C8A69067E46}"
	ProjectSection(ProjectDependencies) = postProject
		{BD824841-EAC2-4C3B-B32E-EB89351EAFEE} = {BD824841-EAC2-4C3B-B32E-EB89351EAFEE}
		{DEE4549C-1516-4BE2-B6D8-2159A356C5DC} = {DEE4549C-1516-4BE2-B6D8-2159A356C5DC}
	EndProjectSection
EndProject
Project("{8BC9CEB8-8B4A-11D0-8D11-00A0C91BC942}") = "faceRecognition", "faceRecognition.vcxproj", "{264F4059-88D4-4F93-86C4-5A5D633451CB}"
	ProjectSection(ProjectDependencies) = postProject
		{BD824841-EAC2-4C3B-B32E-EB89351EAFEE} = {BD824841-EAC2-4C3B-B32E-EB89351EAFEE}
		{DEE4549C-1516-4BE2-B6D8-2159A356C5DC} = {DEE4549C-1516-4BE2-B6D8-2159A356C5DC}
	EndProjectSection
EndProject
Project("{8BC9CEB8-8B4A-11D0-8D11-00A0C91BC942}") = "globalSample", "globalSample.vcxproj", "{CB352813-45BD-4A88-A29C-08F6A7E45393}"
	ProjectSection(ProjectDependencies) = postProject
		{BD824841-EAC2-4C3B-B32E-EB89351EAFEE} = {BD824841-EAC2-4C3B-B32E-EB89351EAFEE}
		{DEE4549C-1516-4BE2-B6D8-2159A356C5DC} = {DEE4549C-1516-4BE2-B6D8-2159A356C5DC}
	EndProjectSection
EndProject
Project("{8BC9CEB8-8B4A-11D0-8D11-00A0C91BC942}") = "videoDetection", "videoDetection.vcxproj", "{68296301-D645-4620-9C44-1EF9708F6FDF}"
	ProjectSection(ProjectDependencies) = postProject
		{BD824841-EAC2-4C3B-B32E-EB89351EAFEE} = {BD824841-EAC2-4C3B-B32E-EB89351EAFEE}
		{DEE4549C-1516-4BE2-B6D8-2159A356C5DC} = {DEE4549C-1516-4BE2-B6D8-2159A356C5DC}
	EndProjectSection
EndProject
Project("{8BC9CEB8-8B4A-11D0-8D11-00A0C91BC942}") = "voiceAndDetection", "voiceAndDetection.vcxproj", "{5A6BB193-671F-4457-9722-B17432922123}"
	ProjectSection(ProjectDependencies) = postProject
		{BD824841-EAC2-4C3B-B32E-EB89351EAFEE} = {BD824841-EAC2-4C3B-B32E-EB89351EAFEE}
		{DEE4549C-1516-4BE2-B6D8-2159A356C5DC} = {DEE4549C-1516-4BE2-B6D8-2159A356C5DC}
	EndProjectSection
EndProject
Project("{8BC9CEB8-8B4A-11D0-8D11-00A0C91BC942}") = "voiceRecognition", "voiceRecognition.vcxproj", "{5415C3D0-5FEB-4C23-8834-2A29852B0D1B}"
	ProjectSection(ProjectDependencies) = postProject
		{BD824841-EAC2-4C3B-B32E-EB89351EAFEE} = {BD824841-EAC2-4C3B-B32E-EB89351EAFEE}
		{DEE4549C-1516-4BE2-B6D8-2159A356C5DC} = {DEE4549C-1516-4BE2-B6D8-2159A356C5DC}
	EndProjectSection
EndProject
Global
	GlobalSection(SolutionConfigurationPlatforms) = preSolution
		Debug|Win32 = Debug|Win32
		Release|Win32 = Release|Win32
		MinSizeRel|Win32 = MinSizeRel|Win32
		RelWithDebInfo|Win32 = RelWithDebInfo|Win32
	EndGlobalSection
	GlobalSection(ProjectConfigurationPlatforms) = postSolution
		{4E827167-186A-4669-A642-0AA9E10A407C}.Debug|Win32.ActiveCfg = Debug|Win32
		{4E827167-186A-4669-A642-0AA9E10A407C}.Release|Win32.ActiveCfg = Release|Win32
		{4E827167-186A-4669-A642-0AA9E10A407C}.MinSizeRel|Win32.ActiveCfg = MinSizeRel|Win32
		{4E827167-186A-4669-A642-0AA9E10A407C}.RelWithDebInfo|Win32.ActiveCfg = RelWithDebInfo|Win32
		{BD824841-EAC2-4C3B-B32E-EB89351EAFEE}.Debug|Win32.ActiveCfg = Debug|Win32
		{BD824841-EAC2-4C3B-B32E-EB89351EAFEE}.Debug|Win32.Build.0 = Debug|Win32
		{BD824841-EAC2-4C3B-B32E-EB89351EAFEE}.Release|Win32.ActiveCfg = Release|Win32
		{BD824841-EAC2-4C3B-B32E-EB89351EAFEE}.Release|Win32.Build.0 = Release|Win32
		{BD824841-EAC2-4C3B-B32E-EB89351EAFEE}.MinSizeRel|Win32.ActiveCfg = MinSizeRel|Win32
		{BD824841-EAC2-4C3B-B32E-EB89351EAFEE}.MinSizeRel|Win32.Build.0 = MinSizeRel|Win32
		{BD824841-EAC2-4C3B-B32E-EB89351EAFEE}.RelWithDebInfo|Win32.ActiveCfg = RelWithDebInfo|Win32
		{BD824841-EAC2-4C3B-B32E-EB89351EAFEE}.RelWithDebInfo|Win32.Build.0 = RelWithDebInfo|Win32
		{DEE4549C-1516-4BE2-B6D8-2159A356C5DC}.Debug|Win32.ActiveCfg = Debug|Win32
		{DEE4549C-1516-4BE2-B6D8-2159A356C5DC}.Debug|Win32.Build.0 = Debug|Win32
		{DEE4549C-1516-4BE2-B6D8-2159A356C5DC}.Release|Win32.ActiveCfg = Release|Win32
		{DEE4549C-1516-4BE2-B6D8-2159A356C5DC}.Release|Win32.Build.0 = Release|Win32
		{DEE4549C-1516-4BE2-B6D8-2159A356C5DC}.MinSizeRel|Win32.ActiveCfg = MinSizeRel|Win32
		{DEE4549C-1516-4BE2-B6D8-2159A356C5DC}.MinSizeRel|Win32.Build.0 = MinSizeRel|Win32
		{DEE4549C-1516-4BE2-B6D8-2159A356C5DC}.RelWithDebInfo|Win32.ActiveCfg = RelWithDebInfo|Win32
		{DEE4549C-1516-4BE2-B6D8-2159A356C5DC}.RelWithDebInfo|Win32.Build.0 = RelWithDebInfo|Win32
		{8DA6F98E-4582-4D30-8124-8C8A69067E46}.Debug|Win32.ActiveCfg = Debug|Win32
		{8DA6F98E-4582-4D30-8124-8C8A69067E46}.Debug|Win32.Build.0 = Debug|Win32
		{8DA6F98E-4582-4D30-8124-8C8A69067E46}.Release|Win32.ActiveCfg = Release|Win32
		{8DA6F98E-4582-4D30-8124-8C8A69067E46}.Release|Win32.Build.0 = Release|Win32
		{8DA6F98E-4582-4D30-8124-8C8A69067E46}.MinSizeRel|Win32.ActiveCfg = MinSizeRel|Win32
		{8DA6F98E-4582-4D30-8124-8C8A69067E46}.MinSizeRel|Win32.Build.0 = MinSizeRel|Win32
		{8DA6F98E-4582-4D30-8124-8C8A69067E46}.RelWithDebInfo|Win32.ActiveCfg = RelWithDebInfo|Win32
		{8DA6F98E-4582-4D30-8124-8C8A69067E46}.RelWithDebInfo|Win32.Build.0 = RelWithDebInfo|Win32
		{264F4059-88D4-4F93-86C4-5A5D633451CB}.Debug|Win32.ActiveCfg = Debug|Win32
		{264F4059-88D4-4F93-86C4-5A5D633451CB}.Debug|Win32.Build.0 = Debug|Win32
		{264F4059-88D4-4F93-86C4-5A5D633451CB}.Release|Win32.ActiveCfg = Release|Win32
		{264F4059-88D4-4F93-86C4-5A5D633451CB}.Release|Win32.Build.0 = Release|Win32
		{264F4059-88D4-4F93-86C4-5A5D633451CB}.MinSizeRel|Win32.ActiveCfg = MinSizeRel|Win32
		{264F4059-88D4-4F93-86C4-5A5D633451CB}.MinSizeRel|Win32.Build.0 = MinSizeRel|Win32
		{264F4059-88D4-4F93-86C4-5A5D633451CB}.RelWithDebInfo|Win32.ActiveCfg = RelWithDebInfo|Win32
		{264F4059-88D4-4F93-86C4-5A5D633451CB}.RelWithDebInfo|Win32.Build.0 = RelWithDebInfo|Win32
		{CB352813-45BD-4A88-A29C-08F6A7E45393}.Debug|Win32.ActiveCfg = Debug|Win32
		{CB352813-45BD-4A88-A29C-08F6A7E45393}.Debug|Win32.Build.0 = Debug|Win32
		{CB352813-45BD-4A88-A29C-08F6A7E45393}.Release|Win32.ActiveCfg = Release|Win32
		{CB352813-45BD-4A88-A29C-08F6A7E45393}.Release|Win32.Build.0 = Release|Win32
		{CB352813-45BD-4A88-A29C-08F6A7E45393}.MinSizeRel|Win32.ActiveCfg = MinSizeRel|Win32
		{CB352813-45BD-4A88-A29C-08F6A7E45393}.MinSizeRel|Win32.Build.0 = MinSizeRel|Win32
		{CB352813-45BD-4A88-A29C-08F6A7E45393}.RelWithDebInfo|Win32.ActiveCfg = RelWithDebInfo|Win32
		{CB352813-45BD-4A88-A29C-08F6A7E45393}.RelWithDebInfo|Win32.Build.0 = RelWithDebInfo|Win32
		{68296301-D645-4620-9C44-1EF9708F6FDF}.Debug|Win32.ActiveCfg = Debug|Win32
		{68296301-D645-4620-9C44-1EF9708F6FDF}.Debug|Win32.Build.0 = Debug|Win32
		{68296301-D645-4620-9C44-1EF9708F6FDF}.Release|Win32.ActiveCfg = Release|Win32
		{68296301-D645-4620-9C44-1EF9708F6FDF}.Release|Win32.Build.0 = Release|Win32
		{68296301-D645-4620-9C44-1EF9708F6FDF}.MinSizeRel|Win32.ActiveCfg = MinSizeRel|Win32
		{68296301-D645-4620-9C44-1EF9708F6FDF}.MinSizeRel|Win32.Build.0 = MinSizeRel|Win32
		{68296301-D645-4620-9C44-1EF9708F6FDF}.RelWithDebInfo|Win32.ActiveCfg = RelWithDebInfo|Win32
		{68296301-D645-4620-9C44-1EF9708F6FDF}.RelWithDebInfo|Win32.Build.0 = RelWithDebInfo|Win32
		{5A6BB193-671F-4457-9722-B17432922123}.Debug|Win32.ActiveCfg = Debug|Win32
		{5A6BB193-671F-4457-9722-B17432922123}.Debug|Win32.Build.0 = Debug|Win32
		{5A6BB193-671F-4457-9722-B17432922123}.Release|Win32.ActiveCfg = Release|Win32
		{5A6BB193-671F-4457-9722-B17432922123}.Release|Win32.Build.0 = Release|Win32
		{5A6BB193-671F-4457-9722-B17432922123}.MinSizeRel|Win32.ActiveCfg = MinSizeRel|Win32
		{5A6BB193-671F-4457-9722-B17432922123}.MinSizeRel|Win32.Build.0 = MinSizeRel|Win32
		{5A6BB193-671F-4457-9722-B17432922123}.RelWithDebInfo|Win32.ActiveCfg = RelWithDebInfo|Win32
		{5A6BB193-671F-4457-9722-B17432922123}.RelWithDebInfo|Win32.Build.0 = RelWithDebInfo|Win32
		{5415C3D0-5FEB-4C23-8834-2A29852B0D1B}.Debug|Win32.ActiveCfg = Debug|Win32
		{5415C3D0-5FEB-4C23-8834-2A29852B0D1B}.Debug|Win32.Build.0 = Debug|Win32
		{5415C3D0-5FEB-4C23-8834-2A29852B0D1B}.Release|Win32.ActiveCfg = Release|Win32
		{5415C3D0-5FEB-4C23-8834-2A29852B0D1B}.Release|Win32.Build.0 = Release|Win32
		{5415C3D0-5FEB-4C23-8834-2A29852B0D1B}.MinSizeRel|Win32.ActiveCfg = MinSizeRel|Win32
		{5415C3D0-5FEB-4C23-8834-2A29852B0D1B}.MinSizeRel|Win32.Build.0 = MinSizeRel|Win32
		{5415C3D0-5FEB-4C23-8834-2A29852B0D1B}.RelWithDebInfo|Win32.ActiveCfg = RelWithDebInfo|Win32
		{5415C3D0-5FEB-4C23-8834-2A29852B0D1B}.RelWithDebInfo|Win32.Build.0 = RelWithDebInfo|Win32
	EndGlobalSection
	GlobalSection(ExtensibilityGlobals) = postSolution
	EndGlobalSection
	GlobalSection(ExtensibilityAddIns) = postSolution
	EndGlobalSection
EndGlobal
