<?xml version="1.0" encoding="UTF-8"?>
<Project ToolsVersion="12.0" xmlns="http://schemas.microsoft.com/developer/msbuild/2003">
  <ItemGroup>
    <ClCompile Include="C:\dev\git\RobotLabLibrary\src\Recognizer.cpp">
      <Filter>Source Files</Filter>
    </ClCompile>
    <ClCompile Include="C:\dev\git\RobotLabLibrary\src\Video.cpp">
      <Filter>Source Files</Filter>
    </ClCompile>
    <ClCompile Include="C:\dev\git\RobotLabLibrary\src\Voice.cpp">
      <Filter>Source Files</Filter>
    </ClCompile>
    <ClCompile Include="C:\dev\git\RobotLabLibrary\3rdparty\faceRecognizerContrib\src\eigen_faces.cpp">
      <Filter>Source Files</Filter>
    </ClCompile>
    <ClCompile Include="C:\dev\git\RobotLabLibrary\3rdparty\faceRecognizerContrib\src\facerec.cpp">
      <Filter>Source Files</Filter>
    </ClCompile>
    <ClCompile Include="C:\dev\git\RobotLabLibrary\3rdparty\faceRecognizerContrib\src\fisher_faces.cpp">
      <Filter>Source Files</Filter>
    </ClCompile>
    <ClCompile Include="C:\dev\git\RobotLabLibrary\3rdparty\faceRecognizerContrib\src\lbph_faces.cpp">
      <Filter>Source Files</Filter>
    </ClCompile>
  </ItemGroup>
  <ItemGroup>
    <ClInclude Include="C:\dev\git\RobotLabLibrary\include\Constantes.h">
      <Filter>Header Files</Filter>
    </ClInclude>
    <ClInclude Include="C:\dev\git\RobotLabLibrary\include\Recognizer.h">
      <Filter>Header Files</Filter>
    </ClInclude>
    <ClInclude Include="C:\dev\git\RobotLabLibrary\include\Video.h">
      <Filter>Header Files</Filter>
    </ClInclude>
    <ClInclude Include="C:\dev\git\RobotLabLibrary\include\Voice.h">
      <Filter>Header Files</Filter>
    </ClInclude>
    <ClInclude Include="C:\dev\git\RobotLabLibrary\3rdparty\faceRecognizerContrib\include\face\facerec.hpp">
      <Filter>Header Files</Filter>
    </ClInclude>
    <ClInclude Include="C:\dev\git\RobotLabLibrary\3rdparty\faceRecognizerContrib\include\face.hpp">
      <Filter>Header Files</Filter>
    </ClInclude>
    <ClInclude Include="C:\dev\git\RobotLabLibrary\3rdparty\faceRecognizerContrib\src\face_basic.hpp">
      <Filter>Header Files</Filter>
    </ClInclude>
    <ClInclude Include="C:\dev\git\RobotLabLibrary\3rdparty\faceRecognizerContrib\src\precomp.hpp">
      <Filter>Header Files</Filter>
    </ClInclude>
  </ItemGroup>
  <ItemGroup>
    <CustomBuild Include="C:\dev\git\RobotLabLibrary\CMakeLists.txt" />
  </ItemGroup>
  <ItemGroup>
    <Filter Include="Source Files">
      <UniqueIdentifier>{4C335AE5-00E7-40A1-B877-D90A4343C225}</UniqueIdentifier>
    </Filter>
    <Filter Include="Header Files">
      <UniqueIdentifier>{BC05A00D-313E-4AD2-AE3F-12697F013081}</UniqueIdentifier>
    </Filter>
  </ItemGroup>
</Project>
