Microsoft Visual Studio Solution File, Format Version 12.00
# Visual Studio 2013
Project("{8BC9CEB8-8B4A-11D0-8D11-00A0C91BC942}") = "ALL_BUILD", "ALL_BUILD.vcxproj", "{3A0DB387-E216-4D99-B8A5-9E1C32FADA22}"
	ProjectSection(ProjectDependencies) = postProject
		{E9202285-880E-4C13-8781-D10CEAC13D29} = {E9202285-880E-4C13-8781-D10CEAC13D29}
		{A5EBA567-B56F-4E8F-80D9-95A9DC3364F0} = {A5EBA567-B56F-4E8F-80D9-95A9DC3364F0}
		{3802D056-9C76-4D5D-87EF-953333F316C6} = {3802D056-9C76-4D5D-87EF-953333F316C6}
		{B5B7268C-D885-4717-8A9F-0E7BA3B24DD7} = {B5B7268C-D885-4717-8A9F-0E7BA3B24DD7}
		{E3AC0489-E467-4CCC-8D79-13C633B0C3C6} = {E3AC0489-E467-4CCC-8D79-13C633B0C3C6}
		{2C4D7262-BBBD-45A1-ADC5-B16F4B7CCCE3} = {2C4D7262-BBBD-45A1-ADC5-B16F4B7CCCE3}
		{7C46A4F7-B708-4464-A771-427243481E72} = {7C46A4F7-B708-4464-A771-427243481E72}
	EndProjectSection
EndProject
Project("{8BC9CEB8-8B4A-11D0-8D11-00A0C91BC942}") = "ZERO_CHECK", "ZERO_CHECK.vcxproj", "{E9202285-880E-4C13-8781-D10CEAC13D29}"
	ProjectSection(ProjectDependencies) = postProject
	EndProjectSection
EndProject
Project("{8BC9CEB8-8B4A-11D0-8D11-00A0C91BC942}") = "createFaceDatabase", "createFaceDatabase.vcxproj", "{A5EBA567-B56F-4E8F-80D9-95A9DC3364F0}"
	ProjectSection(ProjectDependencies) = postProject
		{E9202285-880E-4C13-8781-D10CEAC13D29} = {E9202285-880E-4C13-8781-D10CEAC13D29}
	EndProjectSection
EndProject
Project("{8BC9CEB8-8B4A-11D0-8D11-00A0C91BC942}") = "faceRecognition", "faceRecognition.vcxproj", "{3802D056-9C76-4D5D-87EF-953333F316C6}"
	ProjectSection(ProjectDependencies) = postProject
		{E9202285-880E-4C13-8781-D10CEAC13D29} = {E9202285-880E-4C13-8781-D10CEAC13D29}
	EndProjectSection
EndProject
Project("{8BC9CEB8-8B4A-11D0-8D11-00A0C91BC942}") = "globalSample", "globalSample.vcxproj", "{B5B7268C-D885-4717-8A9F-0E7BA3B24DD7}"
	ProjectSection(ProjectDependencies) = postProject
		{E9202285-880E-4C13-8781-D10CEAC13D29} = {E9202285-880E-4C13-8781-D10CEAC13D29}
	EndProjectSection
EndProject
Project("{8BC9CEB8-8B4A-11D0-8D11-00A0C91BC942}") = "videoDetection", "videoDetection.vcxproj", "{E3AC0489-E467-4CCC-8D79-13C633B0C3C6}"
	ProjectSection(ProjectDependencies) = postProject
		{E9202285-880E-4C13-8781-D10CEAC13D29} = {E9202285-880E-4C13-8781-D10CEAC13D29}
	EndProjectSection
EndProject
Project("{8BC9CEB8-8B4A-11D0-8D11-00A0C91BC942}") = "voiceAndDetection", "voiceAndDetection.vcxproj", "{2C4D7262-BBBD-45A1-ADC5-B16F4B7CCCE3}"
	ProjectSection(ProjectDependencies) = postProject
		{E9202285-880E-4C13-8781-D10CEAC13D29} = {E9202285-880E-4C13-8781-D10CEAC13D29}
	EndProjectSection
EndProject
Project("{8BC9CEB8-8B4A-11D0-8D11-00A0C91BC942}") = "voiceRecognition", "voiceRecognition.vcxproj", "{7C46A4F7-B708-4464-A771-427243481E72}"
	ProjectSection(ProjectDependencies) = postProject
		{E9202285-880E-4C13-8781-D10CEAC13D29} = {E9202285-880E-4C13-8781-D10CEAC13D29}
	EndProjectSection
EndProject
Global
	GlobalSection(SolutionConfigurationPlatforms) = preSolution
		Debug|Win32 = Debug|Win32
		Release|Win32 = Release|Win32
		MinSizeRel|Win32 = MinSizeRel|Win32
		RelWithDebInfo|Win32 = RelWithDebInfo|Win32
	EndGlobalSection
	GlobalSection(ProjectConfigurationPlatforms) = postSolution
		{3A0DB387-E216-4D99-B8A5-9E1C32FADA22}.Debug|Win32.ActiveCfg = Debug|Win32
		{3A0DB387-E216-4D99-B8A5-9E1C32FADA22}.Release|Win32.ActiveCfg = Release|Win32
		{3A0DB387-E216-4D99-B8A5-9E1C32FADA22}.MinSizeRel|Win32.ActiveCfg = MinSizeRel|Win32
		{3A0DB387-E216-4D99-B8A5-9E1C32FADA22}.RelWithDebInfo|Win32.ActiveCfg = RelWithDebInfo|Win32
		{E9202285-880E-4C13-8781-D10CEAC13D29}.Debug|Win32.ActiveCfg = Debug|Win32
		{E9202285-880E-4C13-8781-D10CEAC13D29}.Debug|Win32.Build.0 = Debug|Win32
		{E9202285-880E-4C13-8781-D10CEAC13D29}.Release|Win32.ActiveCfg = Release|Win32
		{E9202285-880E-4C13-8781-D10CEAC13D29}.Release|Win32.Build.0 = Release|Win32
		{E9202285-880E-4C13-8781-D10CEAC13D29}.MinSizeRel|Win32.ActiveCfg = MinSizeRel|Win32
		{E9202285-880E-4C13-8781-D10CEAC13D29}.MinSizeRel|Win32.Build.0 = MinSizeRel|Win32
		{E9202285-880E-4C13-8781-D10CEAC13D29}.RelWithDebInfo|Win32.ActiveCfg = RelWithDebInfo|Win32
		{E9202285-880E-4C13-8781-D10CEAC13D29}.RelWithDebInfo|Win32.Build.0 = RelWithDebInfo|Win32
		{A5EBA567-B56F-4E8F-80D9-95A9DC3364F0}.Debug|Win32.ActiveCfg = Debug|Win32
		{A5EBA567-B56F-4E8F-80D9-95A9DC3364F0}.Debug|Win32.Build.0 = Debug|Win32
		{A5EBA567-B56F-4E8F-80D9-95A9DC3364F0}.Release|Win32.ActiveCfg = Release|Win32
		{A5EBA567-B56F-4E8F-80D9-95A9DC3364F0}.Release|Win32.Build.0 = Release|Win32
		{A5EBA567-B56F-4E8F-80D9-95A9DC3364F0}.MinSizeRel|Win32.ActiveCfg = MinSizeRel|Win32
		{A5EBA567-B56F-4E8F-80D9-95A9DC3364F0}.MinSizeRel|Win32.Build.0 = MinSizeRel|Win32
		{A5EBA567-B56F-4E8F-80D9-95A9DC3364F0}.RelWithDebInfo|Win32.ActiveCfg = RelWithDebInfo|Win32
		{A5EBA567-B56F-4E8F-80D9-95A9DC3364F0}.RelWithDebInfo|Win32.Build.0 = RelWithDebInfo|Win32
		{3802D056-9C76-4D5D-87EF-953333F316C6}.Debug|Win32.ActiveCfg = Debug|Win32
		{3802D056-9C76-4D5D-87EF-953333F316C6}.Debug|Win32.Build.0 = Debug|Win32
		{3802D056-9C76-4D5D-87EF-953333F316C6}.Release|Win32.ActiveCfg = Release|Win32
		{3802D056-9C76-4D5D-87EF-953333F316C6}.Release|Win32.Build.0 = Release|Win32
		{3802D056-9C76-4D5D-87EF-953333F316C6}.MinSizeRel|Win32.ActiveCfg = MinSizeRel|Win32
		{3802D056-9C76-4D5D-87EF-953333F316C6}.MinSizeRel|Win32.Build.0 = MinSizeRel|Win32
		{3802D056-9C76-4D5D-87EF-953333F316C6}.RelWithDebInfo|Win32.ActiveCfg = RelWithDebInfo|Win32
		{3802D056-9C76-4D5D-87EF-953333F316C6}.RelWithDebInfo|Win32.Build.0 = RelWithDebInfo|Win32
		{B5B7268C-D885-4717-8A9F-0E7BA3B24DD7}.Debug|Win32.ActiveCfg = Debug|Win32
		{B5B7268C-D885-4717-8A9F-0E7BA3B24DD7}.Debug|Win32.Build.0 = Debug|Win32
		{B5B7268C-D885-4717-8A9F-0E7BA3B24DD7}.Release|Win32.ActiveCfg = Release|Win32
		{B5B7268C-D885-4717-8A9F-0E7BA3B24DD7}.Release|Win32.Build.0 = Release|Win32
		{B5B7268C-D885-4717-8A9F-0E7BA3B24DD7}.MinSizeRel|Win32.ActiveCfg = MinSizeRel|Win32
		{B5B7268C-D885-4717-8A9F-0E7BA3B24DD7}.MinSizeRel|Win32.Build.0 = MinSizeRel|Win32
		{B5B7268C-D885-4717-8A9F-0E7BA3B24DD7}.RelWithDebInfo|Win32.ActiveCfg = RelWithDebInfo|Win32
		{B5B7268C-D885-4717-8A9F-0E7BA3B24DD7}.RelWithDebInfo|Win32.Build.0 = RelWithDebInfo|Win32
		{E3AC0489-E467-4CCC-8D79-13C633B0C3C6}.Debug|Win32.ActiveCfg = Debug|Win32
		{E3AC0489-E467-4CCC-8D79-13C633B0C3C6}.Debug|Win32.Build.0 = Debug|Win32
		{E3AC0489-E467-4CCC-8D79-13C633B0C3C6}.Release|Win32.ActiveCfg = Release|Win32
		{E3AC0489-E467-4CCC-8D79-13C633B0C3C6}.Release|Win32.Build.0 = Release|Win32
		{E3AC0489-E467-4CCC-8D79-13C633B0C3C6}.MinSizeRel|Win32.ActiveCfg = MinSizeRel|Win32
		{E3AC0489-E467-4CCC-8D79-13C633B0C3C6}.MinSizeRel|Win32.Build.0 = MinSizeRel|Win32
		{E3AC0489-E467-4CCC-8D79-13C633B0C3C6}.RelWithDebInfo|Win32.ActiveCfg = RelWithDebInfo|Win32
		{E3AC0489-E467-4CCC-8D79-13C633B0C3C6}.RelWithDebInfo|Win32.Build.0 = RelWithDebInfo|Win32
		{2C4D7262-BBBD-45A1-ADC5-B16F4B7CCCE3}.Debug|Win32.ActiveCfg = Debug|Win32
		{2C4D7262-BBBD-45A1-ADC5-B16F4B7CCCE3}.Debug|Win32.Build.0 = Debug|Win32
		{2C4D7262-BBBD-45A1-ADC5-B16F4B7CCCE3}.Release|Win32.ActiveCfg = Release|Win32
		{2C4D7262-BBBD-45A1-ADC5-B16F4B7CCCE3}.Release|Win32.Build.0 = Release|Win32
		{2C4D7262-BBBD-45A1-ADC5-B16F4B7CCCE3}.MinSizeRel|Win32.ActiveCfg = MinSizeRel|Win32
		{2C4D7262-BBBD-45A1-ADC5-B16F4B7CCCE3}.MinSizeRel|Win32.Build.0 = MinSizeRel|Win32
		{2C4D7262-BBBD-45A1-ADC5-B16F4B7CCCE3}.RelWithDebInfo|Win32.ActiveCfg = RelWithDebInfo|Win32
		{2C4D7262-BBBD-45A1-ADC5-B16F4B7CCCE3}.RelWithDebInfo|Win32.Build.0 = RelWithDebInfo|Win32
		{7C46A4F7-B708-4464-A771-427243481E72}.Debug|Win32.ActiveCfg = Debug|Win32
		{7C46A4F7-B708-4464-A771-427243481E72}.Debug|Win32.Build.0 = Debug|Win32
		{7C46A4F7-B708-4464-A771-427243481E72}.Release|Win32.ActiveCfg = Release|Win32
		{7C46A4F7-B708-4464-A771-427243481E72}.Release|Win32.Build.0 = Release|Win32
		{7C46A4F7-B708-4464-A771-427243481E72}.MinSizeRel|Win32.ActiveCfg = MinSizeRel|Win32
		{7C46A4F7-B708-4464-A771-427243481E72}.MinSizeRel|Win32.Build.0 = MinSizeRel|Win32
		{7C46A4F7-B708-4464-A771-427243481E72}.RelWithDebInfo|Win32.ActiveCfg = RelWithDebInfo|Win32
		{7C46A4F7-B708-4464-A771-427243481E72}.RelWithDebInfo|Win32.Build.0 = RelWithDebInfo|Win32
	EndGlobalSection
	GlobalSection(ExtensibilityGlobals) = postSolution
	EndGlobalSection
	GlobalSection(ExtensibilityAddIns) = postSolution
	EndGlobalSection
EndGlobal
