<?xml version="1.0" encoding="UTF-8"?>
<Project ToolsVersion="12.0" xmlns="http://schemas.microsoft.com/developer/msbuild/2003">
  <ItemGroup>
    <CustomBuild Include="C:\dev\git\RobotLabLibrary\library\samples\CMakeFiles\e55c483d12fd787801dea64c115e35c6\generate.stamp.rule">
      <Filter>CMake Rules</Filter>
    </CustomBuild>
  </ItemGroup>
  <ItemGroup>
    <Filter Include="CMake Rules">
      <UniqueIdentifier>{AB5E86D6-AE0C-4771-9796-C1C22C6A1C2D}</UniqueIdentifier>
    </Filter>
  </ItemGroup>
</Project>
